// !$*UTF8*$!
{
	archiveVersion = 1;
	classes = {
	};
	objectVersion = 55;
	objects = {

/* Begin PBXBuildFile section */
		0271CB142996188100A225B2 /* DetailViewController.swift in Sources */ = {isa = PBXBuildFile; fileRef = 0271CB132996188100A225B2 /* DetailViewController.swift */; };
		02E7F25729959E0B00438F5E /* AppDelegate.swift in Sources */ = {isa = PBXBuildFile; fileRef = 02E7F25629959E0B00438F5E /* AppDelegate.swift */; };
		02E7F25929959E0B00438F5E /* SceneDelegate.swift in Sources */ = {isa = PBXBuildFile; fileRef = 02E7F25829959E0B00438F5E /* SceneDelegate.swift */; };
		02E7F25B29959E0B00438F5E /* ViewController.swift in Sources */ = {isa = PBXBuildFile; fileRef = 02E7F25A29959E0B00438F5E /* ViewController.swift */; };
		02E7F25E29959E0B00438F5E /* Main.storyboard in Resources */ = {isa = PBXBuildFile; fileRef = 02E7F25C29959E0B00438F5E /* Main.storyboard */; settings = {ASSET_TAGS = (0, 1, 2, ); }; };
		02E7F26029959E0C00438F5E /* Assets.xcassets in Resources */ = {isa = PBXBuildFile; fileRef = 02E7F25F29959E0C00438F5E /* Assets.xcassets */; };
		02E7F26329959E0C00438F5E /* LaunchScreen.storyboard in Resources */ = {isa = PBXBuildFile; fileRef = 02E7F26129959E0C00438F5E /* LaunchScreen.storyboard */; };
		02E7F26E29959E0C00438F5E /* Ezio_Auditore2Tests.swift in Sources */ = {isa = PBXBuildFile; fileRef = 02E7F26D29959E0C00438F5E /* Ezio_Auditore2Tests.swift */; };
		02E7F27829959E0C00438F5E /* Ezio_Auditore2UITests.swift in Sources */ = {isa = PBXBuildFile; fileRef = 02E7F27729959E0C00438F5E /* Ezio_Auditore2UITests.swift */; };
		02E7F27A29959E0C00438F5E /* Ezio_Auditore2UITestsLaunchTests.swift in Sources */ = {isa = PBXBuildFile; fileRef = 02E7F27929959E0C00438F5E /* Ezio_Auditore2UITestsLaunchTests.swift */; };
/* End PBXBuildFile section */

/* Begin PBXContainerItemProxy section */
		02E7F26A29959E0C00438F5E /* PBXContainerItemProxy */ = {
			isa = PBXContainerItemProxy;
			containerPortal = 02E7F24B29959E0A00438F5E /* Project object */;
			proxyType = 1;
			remoteGlobalIDString = 02E7F25229959E0A00438F5E;
			remoteInfo = "Ezio-Auditore2";
		};
		02E7F27429959E0C00438F5E /* PBXContainerItemProxy */ = {
			isa = PBXContainerItemProxy;
			containerPortal = 02E7F24B29959E0A00438F5E /* Project object */;
			proxyType = 1;
			remoteGlobalIDString = 02E7F25229959E0A00438F5E;
			remoteInfo = "Ezio-Auditore2";
		};
/* End PBXContainerItemProxy section */

/* Begin PBXFileReference section */
		0271CB132996188100A225B2 /* DetailViewController.swift */ = {isa = PBXFileReference; lastKnownFileType = sourcecode.swift; path = DetailViewController.swift; sourceTree = "<group>"; };
		02E7F25329959E0A00438F5E /* Ezio-Auditore2.app */ = {isa = PBXFileReference; explicitFileType = wrapper.application; includeInIndex = 0; path = "Ezio-Auditore2.app"; sourceTree = BUILT_PRODUCTS_DIR; };
		02E7F25629959E0B00438F5E /* AppDelegate.swift */ = {isa = PBXFileReference; lastKnownFileType = sourcecode.swift; path = AppDelegate.swift; sourceTree = "<group>"; };
		02E7F25829959E0B00438F5E /* SceneDelegate.swift */ = {isa = PBXFileReference; lastKnownFileType = sourcecode.swift; path = SceneDelegate.swift; sourceTree = "<group>"; };
		02E7F25A29959E0B00438F5E /* ViewController.swift */ = {isa = PBXFileReference; lastKnownFileType = sourcecode.swift; path = ViewController.swift; sourceTree = "<group>"; };
		02E7F25D29959E0B00438F5E /* Base */ = {isa = PBXFileReference; lastKnownFileType = file.storyboard; name = Base; path = Base.lproj/Main.storyboard; sourceTree = "<group>"; };
		02E7F25F29959E0C00438F5E /* Assets.xcassets */ = {isa = PBXFileReference; lastKnownFileType = folder.assetcatalog; path = Assets.xcassets; sourceTree = "<group>"; };
		02E7F26229959E0C00438F5E /* Base */ = {isa = PBXFileReference; lastKnownFileType = file.storyboard; name = Base; path = Base.lproj/LaunchScreen.storyboard; sourceTree = "<group>"; };
		02E7F26429959E0C00438F5E /* Info.plist */ = {isa = PBXFileReference; lastKnownFileType = text.plist.xml; path = Info.plist; sourceTree = "<group>"; };
		02E7F26929959E0C00438F5E /* Ezio-Auditore2Tests.xctest */ = {isa = PBXFileReference; explicitFileType = wrapper.cfbundle; includeInIndex = 0; path = "Ezio-Auditore2Tests.xctest"; sourceTree = BUILT_PRODUCTS_DIR; };
		02E7F26D29959E0C00438F5E /* Ezio_Auditore2Tests.swift */ = {isa = PBXFileReference; lastKnownFileType = sourcecode.swift; path = Ezio_Auditore2Tests.swift; sourceTree = "<group>"; };
		02E7F27329959E0C00438F5E /* Ezio-Auditore2UITests.xctest */ = {isa = PBXFileReference; explicitFileType = wrapper.cfbundle; includeInIndex = 0; path = "Ezio-Auditore2UITests.xctest"; sourceTree = BUILT_PRODUCTS_DIR; };
		02E7F27729959E0C00438F5E /* Ezio_Auditore2UITests.swift */ = {isa = PBXFileReference; lastKnownFileType = sourcecode.swift; path = Ezio_Auditore2UITests.swift; sourceTree = "<group>"; };
		02E7F27929959E0C00438F5E /* Ezio_Auditore2UITestsLaunchTests.swift */ = {isa = PBXFileReference; lastKnownFileType = sourcecode.swift; path = Ezio_Auditore2UITestsLaunchTests.swift; sourceTree = "<group>"; };
/* End PBXFileReference section */

/* Begin PBXFrameworksBuildPhase section */
		02E7F25029959E0A00438F5E /* Frameworks */ = {
			isa = PBXFrameworksBuildPhase;
			buildActionMask = 2147483647;
			files = (
			);
			runOnlyForDeploymentPostprocessing = 0;
		};
		02E7F26629959E0C00438F5E /* Frameworks */ = {
			isa = PBXFrameworksBuildPhase;
			buildActionMask = 2147483647;
			files = (
			);
			runOnlyForDeploymentPostprocessing = 0;
		};
		02E7F27029959E0C00438F5E /* Frameworks */ = {
			isa = PBXFrameworksBuildPhase;
			buildActionMask = 2147483647;
			files = (
			);
			runOnlyForDeploymentPostprocessing = 0;
		};
/* End PBXFrameworksBuildPhase section */

/* Begin PBXGroup section */
		02E7F24A29959E0A00438F5E = {
			isa = PBXGroup;
			children = (
				02E7F25529959E0A00438F5E /* Ezio-Auditore2 */,
				02E7F26C29959E0C00438F5E /* Ezio-Auditore2Tests */,
				02E7F27629959E0C00438F5E /* Ezio-Auditore2UITests */,
				02E7F25429959E0A00438F5E /* Products */,
			);
			sourceTree = "<group>";
		};
		02E7F25429959E0A00438F5E /* Products */ = {
			isa = PBXGroup;
			children = (
				02E7F25329959E0A00438F5E /* Ezio-Auditore2.app */,
				02E7F26929959E0C00438F5E /* Ezio-Auditore2Tests.xctest */,
				02E7F27329959E0C00438F5E /* Ezio-Auditore2UITests.xctest */,
			);
			name = Products;
			sourceTree = "<group>";
		};
		02E7F25529959E0A00438F5E /* Ezio-Auditore2 */ = {
			isa = PBXGroup;
			children = (
				02E7F25629959E0B00438F5E /* AppDelegate.swift */,
				02E7F25829959E0B00438F5E /* SceneDelegate.swift */,
				02E7F25A29959E0B00438F5E /* ViewController.swift */,
				02E7F25C29959E0B00438F5E /* Main.storyboard */,
				0271CB132996188100A225B2 /* DetailViewController.swift */,
				02E7F25F29959E0C00438F5E /* Assets.xcassets */,
				02E7F26129959E0C00438F5E /* LaunchScreen.storyboard */,
				02E7F26429959E0C00438F5E /* Info.plist */,
			);
			path = "Ezio-Auditore2";
			sourceTree = "<group>";
		};
		02E7F26C29959E0C00438F5E /* Ezio-Auditore2Tests */ = {
			isa = PBXGroup;
			children = (
				02E7F26D29959E0C00438F5E /* Ezio_Auditore2Tests.swift */,
			);
			path = "Ezio-Auditore2Tests";
			sourceTree = "<group>";
		};
		02E7F27629959E0C00438F5E /* Ezio-Auditore2UITests */ = {
			isa = PBXGroup;
			children = (
				02E7F27729959E0C00438F5E /* Ezio_Auditore2UITests.swift */,
				02E7F27929959E0C00438F5E /* Ezio_Auditore2UITestsLaunchTests.swift */,
			);
			path = "Ezio-Auditore2UITests";
			sourceTree = "<group>";
		};
/* End PBXGroup section */

/* Begin PBXNativeTarget section */
		02E7F25229959E0A00438F5E /* Ezio-Auditore2 */ = {
			isa = PBXNativeTarget;
			buildConfigurationList = 02E7F27D29959E0C00438F5E /* Build configuration list for PBXNativeTarget "Ezio-Auditore2" */;
			buildPhases = (
				02E7F24F29959E0A00438F5E /* Sources */,
				02E7F25029959E0A00438F5E /* Frameworks */,
				02E7F25129959E0A00438F5E /* Resources */,
			);
			buildRules = (
			);
			dependencies = (
			);
			name = "Ezio-Auditore2";
			productName = "Ezio-Auditore2";
			productReference = 02E7F25329959E0A00438F5E /* Ezio-Auditore2.app */;
			productType = "com.apple.product-type.application";
		};
		02E7F26829959E0C00438F5E /* Ezio-Auditore2Tests */ = {
			isa = PBXNativeTarget;
			buildConfigurationList = 02E7F28029959E0C00438F5E /* Build configuration list for PBXNativeTarget "Ezio-Auditore2Tests" */;
			buildPhases = (
				02E7F26529959E0C00438F5E /* Sources */,
				02E7F26629959E0C00438F5E /* Frameworks */,
				02E7F26729959E0C00438F5E /* Resources */,
			);
			buildRules = (
			);
			dependencies = (
				02E7F26B29959E0C00438F5E /* PBXTargetDependency */,
			);
			name = "Ezio-Auditore2Tests";
			productName = "Ezio-Auditore2Tests";
			productReference = 02E7F26929959E0C00438F5E /* Ezio-Auditore2Tests.xctest */;
			productType = "com.apple.product-type.bundle.unit-test";
		};
		02E7F27229959E0C00438F5E /* Ezio-Auditore2UITests */ = {
			isa = PBXNativeTarget;
			buildConfigurationList = 02E7F28329959E0C00438F5E /* Build configuration list for PBXNativeTarget "Ezio-Auditore2UITests" */;
			buildPhases = (
				02E7F26F29959E0C00438F5E /* Sources */,
				02E7F27029959E0C00438F5E /* Frameworks */,
				02E7F27129959E0C00438F5E /* Resources */,
			);
			buildRules = (
			);
			dependencies = (
				02E7F27529959E0C00438F5E /* PBXTargetDependency */,
			);
			name = "Ezio-Auditore2UITests";
			productName = "Ezio-Auditore2UITests";
			productReference = 02E7F27329959E0C00438F5E /* Ezio-Auditore2UITests.xctest */;
			productType = "com.apple.product-type.bundle.ui-testing";
		};
/* End PBXNativeTarget section */

/* Begin PBXProject section */
		02E7F24B29959E0A00438F5E /* Project object */ = {
			isa = PBXProject;
			attributes = {
				BuildIndependentTargetsInParallel = 1;
				KnownAssetTags = (
					0,
					1,
					2,
				);
				LastSwiftUpdateCheck = 1340;
				LastUpgradeCheck = 1340;
				TargetAttributes = {
					02E7F25229959E0A00438F5E = {
						CreatedOnToolsVersion = 13.4.1;
					};
					02E7F26829959E0C00438F5E = {
						CreatedOnToolsVersion = 13.4.1;
						TestTargetID = 02E7F25229959E0A00438F5E;
					};
					02E7F27229959E0C00438F5E = {
						CreatedOnToolsVersion = 13.4.1;
						TestTargetID = 02E7F25229959E0A00438F5E;
					};
				};
			};
			buildConfigurationList = 02E7F24E29959E0A00438F5E /* Build configuration list for PBXProject "Ezio-Auditore2" */;
			compatibilityVersion = "Xcode 13.0";
			developmentRegion = en;
			hasScannedForEncodings = 0;
			knownRegions = (
				en,
				Base,
			);
			mainGroup = 02E7F24A29959E0A00438F5E;
			productRefGroup = 02E7F25429959E0A00438F5E /* Products */;
			projectDirPath = "";
			projectRoot = "";
			targets = (
				02E7F25229959E0A00438F5E /* Ezio-Auditore2 */,
				02E7F26829959E0C00438F5E /* Ezio-Auditore2Tests */,
				02E7F27229959E0C00438F5E /* Ezio-Auditore2UITests */,
			);
		};
/* End PBXProject section */

/* Begin PBXResourcesBuildPhase section */
		02E7F25129959E0A00438F5E /* Resources */ = {
			isa = PBXResourcesBuildPhase;
			buildActionMask = 2147483647;
			files = (
				02E7F26329959E0C00438F5E /* LaunchScreen.storyboard in Resources */,
				02E7F26029959E0C00438F5E /* Assets.xcassets in Resources */,
				02E7F25E29959E0B00438F5E /* Main.storyboard in Resources */,
			);
			runOnlyForDeploymentPostprocessing = 0;
		};
		02E7F26729959E0C00438F5E /* Resources */ = {
			isa = PBXResourcesBuildPhase;
			buildActionMask = 2147483647;
			files = (
			);
			runOnlyForDeploymentPostprocessing = 0;
		};
		02E7F27129959E0C00438F5E /* Resources */ = {
			isa = PBXResourcesBuildPhase;
			buildActionMask = 2147483647;
			files = (
			);
			runOnlyForDeploymentPostprocessing = 0;
		};
/* End PBXResourcesBuildPhase section */

/* Begin PBXSourcesBuildPhase section */
		02E7F24F29959E0A00438F5E /* Sources */ = {
			isa = PBXSourcesBuildPhase;
			buildActionMask = 2147483647;
			files = (
				02E7F25B29959E0B00438F5E /* ViewController.swift in Sources */,
				02E7F25729959E0B00438F5E /* AppDelegate.swift in Sources */,
				02E7F25929959E0B00438F5E /* SceneDelegate.swift in Sources */,
				0271CB142996188100A225B2 /* DetailViewController.swift in Sources */,
			);
			runOnlyForDeploymentPostprocessing = 0;
		};
		02E7F26529959E0C00438F5E /* Sources */ = {
			isa = PBXSourcesBuildPhase;
			buildActionMask = 2147483647;
			files = (
				02E7F26E29959E0C00438F5E /* Ezio_Auditore2Tests.swift in Sources */,
			);
			runOnlyForDeploymentPostprocessing = 0;
		};
		02E7F26F29959E0C00438F5E /* Sources */ = {
			isa = PBXSourcesBuildPhase;
			buildActionMask = 2147483647;
			files = (
				02E7F27829959E0C00438F5E /* Ezio_Auditore2UITests.swift in Sources */,
				02E7F27A29959E0C00438F5E /* Ezio_Auditore2UITestsLaunchTests.swift in Sources */,
			);
			runOnlyForDeploymentPostprocessing = 0;
		};
/* End PBXSourcesBuildPhase section */

/* Begin PBXTargetDependency section */
		02E7F26B29959E0C00438F5E /* PBXTargetDependency */ = {
			isa = PBXTargetDependency;
			target = 02E7F25229959E0A00438F5E /* Ezio-Auditore2 */;
			targetProxy = 02E7F26A29959E0C00438F5E /* PBXContainerItemProxy */;
		};
		02E7F27529959E0C00438F5E /* PBXTargetDependency */ = {
			isa = PBXTargetDependency;
			target = 02E7F25229959E0A00438F5E /* Ezio-Auditore2 */;
			targetProxy = 02E7F27429959E0C00438F5E /* PBXContainerItemProxy */;
		};
/* End PBXTargetDependency section */

/* Begin PBXVariantGroup section */
		02E7F25C29959E0B00438F5E /* Main.storyboard */ = {
			isa = PBXVariantGroup;
			children = (
				02E7F25D29959E0B00438F5E /* Base */,
			);
			name = Main.storyboard;
			sourceTree = "<group>";
		};
		02E7F26129959E0C00438F5E /* LaunchScreen.storyboard */ = {
			isa = PBXVariantGroup;
			children = (
				02E7F26229959E0C00438F5E /* Base */,
			);
			name = LaunchScreen.storyboard;
			sourceTree = "<group>";
		};
/* End PBXVariantGroup section */

/* Begin XCBuildConfiguration section */
		02E7F27B29959E0C00438F5E /* Debug */ = {
			isa = XCBuildConfiguration;
			buildSettings = {
				ALWAYS_SEARCH_USER_PATHS = NO;
				CLANG_ANALYZER_NONNULL = YES;
				CLANG_ANALYZER_NUMBER_OBJECT_CONVERSION = YES_AGGRESSIVE;
				CLANG_CXX_LANGUAGE_STANDARD = "gnu++17";
				CLANG_ENABLE_MODULES = YES;
				CLANG_ENABLE_OBJC_ARC = YES;
				CLANG_ENABLE_OBJC_WEAK = YES;
				CLANG_WARN_BLOCK_CAPTURE_AUTORELEASING = YES;
				CLANG_WARN_BOOL_CONVERSION = YES;
				CLANG_WARN_COMMA = YES;
				CLANG_WARN_CONSTANT_CONVERSION = YES;
				CLANG_WARN_DEPRECATED_OBJC_IMPLEMENTATIONS = YES;
				CLANG_WARN_DIRECT_OBJC_ISA_USAGE = YES_ERROR;
				CLANG_WARN_DOCUMENTATION_COMMENTS = YES;
				CLANG_WARN_EMPTY_BODY = YES;
				CLANG_WARN_ENUM_CONVERSION = YES;
				CLANG_WARN_INFINITE_RECURSION = YES;
				CLANG_WARN_INT_CONVERSION = YES;
				CLANG_WARN_NON_LITERAL_NULL_CONVERSION = YES;
				CLANG_WARN_OBJC_IMPLICIT_RETAIN_SELF = YES;
				CLANG_WARN_OBJC_LITERAL_CONVERSION = YES;
				CLANG_WARN_OBJC_ROOT_CLASS = YES_ERROR;
				CLANG_WARN_QUOTED_INCLUDE_IN_FRAMEWORK_HEADER = YES;
				CLANG_WARN_RANGE_LOOP_ANALYSIS = YES;
				CLANG_WARN_STRICT_PROTOTYPES = YES;
				CLANG_WARN_SUSPICIOUS_MOVE = YES;
				CLANG_WARN_UNGUARDED_AVAILABILITY = YES_AGGRESSIVE;
				CLANG_WARN_UNREACHABLE_CODE = YES;
				CLANG_WARN__DUPLICATE_METHOD_MATCH = YES;
				COPY_PHASE_STRIP = NO;
				DEBUG_INFORMATION_FORMAT = dwarf;
				ENABLE_STRICT_OBJC_MSGSEND = YES;
				ENABLE_TESTABILITY = YES;
				GCC_C_LANGUAGE_STANDARD = gnu11;
				GCC_DYNAMIC_NO_PIC = NO;
				GCC_NO_COMMON_BLOCKS = YES;
				GCC_OPTIMIZATION_LEVEL = 0;
				GCC_PREPROCESSOR_DEFINITIONS = (
					"DEBUG=1",
					"$(inherited)",
				);
				GCC_WARN_64_TO_32_BIT_CONVERSION = YES;
				GCC_WARN_ABOUT_RETURN_TYPE = YES_ERROR;
				GCC_WARN_UNDECLARED_SELECTOR = YES;
				GCC_WARN_UNINITIALIZED_AUTOS = YES_AGGRESSIVE;
				GCC_WARN_UNUSED_FUNCTION = YES;
				GCC_WARN_UNUSED_VARIABLE = YES;
				IPHONEOS_DEPLOYMENT_TARGET = 15.5;
				MTL_ENABLE_DEBUG_INFO = INCLUDE_SOURCE;
				MTL_FAST_MATH = YES;
				ONLY_ACTIVE_ARCH = YES;
				SDKROOT = iphoneos;
				SWIFT_ACTIVE_COMPILATION_CONDITIONS = DEBUG;
				SWIFT_OPTIMIZATION_LEVEL = "-Onone";
			};
			name = Debug;
		};
		02E7F27C29959E0C00438F5E /* Release */ = {
			isa = XCBuildConfiguration;
			buildSettings = {
				ALWAYS_SEARCH_USER_PATHS = NO;
				CLANG_ANALYZER_NONNULL = YES;
				CLANG_ANALYZER_NUMBER_OBJECT_CONVERSION = YES_AGGRESSIVE;
				CLANG_CXX_LANGUAGE_STANDARD = "gnu++17";
				CLANG_ENABLE_MODULES = YES;
				CLANG_ENABLE_OBJC_ARC = YES;
				CLANG_ENABLE_OBJC_WEAK = YES;
				CLANG_WARN_BLOCK_CAPTURE_AUTORELEASING = YES;
				CLANG_WARN_BOOL_CONVERSION = YES;
				CLANG_WARN_COMMA = YES;
				CLANG_WARN_CONSTANT_CONVERSION = YES;
				CLANG_WARN_DEPRECATED_OBJC_IMPLEMENTATIONS = YES;
				CLANG_WARN_DIRECT_OBJC_ISA_USAGE = YES_ERROR;
				CLANG_WARN_DOCUMENTATION_COMMENTS = YES;
				CLANG_WARN_EMPTY_BODY = YES;
				CLANG_WARN_ENUM_CONVERSION = YES;
				CLANG_WARN_INFINITE_RECURSION = YES;
				CLANG_WARN_INT_CONVERSION = YES;
				CLANG_WARN_NON_LITERAL_NULL_CONVERSION = YES;
				CLANG_WARN_OBJC_IMPLICIT_RETAIN_SELF = YES;
				CLANG_WARN_OBJC_LITERAL_CONVERSION = YES;
				CLANG_WARN_OBJC_ROOT_CLASS = YES_ERROR;
				CLANG_WARN_QUOTED_INCLUDE_IN_FRAMEWORK_HEADER = YES;
				CLANG_WARN_RANGE_LOOP_ANALYSIS = YES;
				CLANG_WARN_STRICT_PROTOTYPES = YES;
				CLANG_WARN_SUSPICIOUS_MOVE = YES;
				CLANG_WARN_UNGUARDED_AVAILABILITY = YES_AGGRESSIVE;
				CLANG_WARN_UNREACHABLE_CODE = YES;
				CLANG_WARN__DUPLICATE_METHOD_MATCH = YES;
				COPY_PHASE_STRIP = NO;
				DEBUG_INFORMATION_FORMAT = "dwarf-with-dsym";
				ENABLE_NS_ASSERTIONS = NO;
				ENABLE_STRICT_OBJC_MSGSEND = YES;
				GCC_C_LANGUAGE_STANDARD = gnu11;
				GCC_NO_COMMON_BLOCKS = YES;
				GCC_WARN_64_TO_32_BIT_CONVERSION = YES;
				GCC_WARN_ABOUT_RETURN_TYPE = YES_ERROR;
				GCC_WARN_UNDECLARED_SELECTOR = YES;
				GCC_WARN_UNINITIALIZED_AUTOS = YES_AGGRESSIVE;
				GCC_WARN_UNUSED_FUNCTION = YES;
				GCC_WARN_UNUSED_VARIABLE = YES;
				IPHONEOS_DEPLOYMENT_TARGET = 15.5;
				MTL_ENABLE_DEBUG_INFO = NO;
				MTL_FAST_MATH = YES;
				SDKROOT = iphoneos;
				SWIFT_COMPILATION_MODE = wholemodule;
				SWIFT_OPTIMIZATION_LEVEL = "-O";
				VALIDATE_PRODUCT = YES;
			};
			name = Release;
		};
		02E7F27E29959E0C00438F5E /* Debug */ = {
			isa = XCBuildConfiguration;
			buildSettings = {
				ASSETCATALOG_COMPILER_APPICON_NAME = AppIcon;
				ASSETCATALOG_COMPILER_GLOBAL_ACCENT_COLOR_NAME = AccentColor;
				CODE_SIGN_STYLE = Automatic;
				CURRENT_PROJECT_VERSION = 1;
				GENERATE_INFOPLIST_FILE = YES;
				INFOPLIST_FILE = "Ezio-Auditore2/Info.plist";
				INFOPLIST_KEY_UIApplicationSupportsIndirectInputEvents = YES;
				INFOPLIST_KEY_UILaunchStoryboardName = LaunchScreen;
				INFOPLIST_KEY_UIMainStoryboardFile = Main;
				INFOPLIST_KEY_UISupportedInterfaceOrientations_iPad = "UIInterfaceOrientationPortrait UIInterfaceOrientationPortraitUpsideDown UIInterfaceOrientationLandscapeLeft UIInterfaceOrientationLandscapeRight";
				INFOPLIST_KEY_UISupportedInterfaceOrientations_iPhone = "UIInterfaceOrientationPortrait UIInterfaceOrientationLandscapeLeft UIInterfaceOrientationLandscapeRight";
				LD_RUNPATH_SEARCH_PATHS = (
					"$(inherited)",
					"@executable_path/Frameworks",
				);
				MARKETING_VERSION = 1.0;
				PRODUCT_BUNDLE_IDENTIFIER = "kenguyen-csumb.edu.Ezio-Auditore2";
				PRODUCT_NAME = "$(TARGET_NAME)";
				SWIFT_EMIT_LOC_STRINGS = YES;
				SWIFT_VERSION = 5.0;
				TARGETED_DEVICE_FAMILY = "1,2";
			};
			name = Debug;
		};
		02E7F27F29959E0C00438F5E /* Release */ = {
			isa = XCBuildConfiguration;
			buildSettings = {
				ASSETCATALOG_COMPILER_APPICON_NAME = AppIcon;
				ASSETCATALOG_COMPILER_GLOBAL_ACCENT_COLOR_NAME = AccentColor;
				CODE_SIGN_STYLE = Automatic;
				CURRENT_PROJECT_VERSION = 1;
				GENERATE_INFOPLIST_FILE = YES;
				INFOPLIST_FILE = "Ezio-Auditore2/Info.plist";
				INFOPLIST_KEY_UIApplicationSupportsIndirectInputEvents = YES;
				INFOPLIST_KEY_UILaunchStoryboardName = LaunchScreen;
				INFOPLIST_KEY_UIMainStoryboardFile = Main;
				INFOPLIST_KEY_UISupportedInterfaceOrientations_iPad = "UIInterfaceOrientationPortrait UIInterfaceOrientationPortraitUpsideDown UIInterfaceOrientationLandscapeLeft UIInterfaceOrientationLandscapeRight";
				INFOPLIST_KEY_UISupportedInterfaceOrientations_iPhone = "UIInterfaceOrientationPortrait UIInterfaceOrientationLandscapeLeft UIInterfaceOrientationLandscapeRight";
				LD_RUNPATH_SEARCH_PATHS = (
					"$(inherited)",
					"@executable_path/Frameworks",
				);
				MARKETING_VERSION = 1.0;
				PRODUCT_BUNDLE_IDENTIFIER = "kenguyen-csumb.edu.Ezio-Auditore2";
				PRODUCT_NAME = "$(TARGET_NAME)";
				SWIFT_EMIT_LOC_STRINGS = YES;
				SWIFT_VERSION = 5.0;
				TARGETED_DEVICE_FAMILY = "1,2";
			};
			name = Release;
		};
		02E7F28129959E0C00438F5E /* Debug */ = {
			isa = XCBuildConfiguration;
			buildSettings = {
				ALWAYS_EMBED_SWIFT_STANDARD_LIBRARIES = YES;
				BUNDLE_LOADER = "$(TEST_HOST)";
				CODE_SIGN_STYLE = Automatic;
				CURRENT_PROJECT_VERSION = 1;
				GENERATE_INFOPLIST_FILE = YES;
				IPHONEOS_DEPLOYMENT_TARGET = 15.5;
				MARKETING_VERSION = 1.0;
				PRODUCT_BUNDLE_IDENTIFIER = "kenguyen-csumb.edu.Ezio-Auditore2Tests";
				PRODUCT_NAME = "$(TARGET_NAME)";
				SWIFT_EMIT_LOC_STRINGS = NO;
				SWIFT_VERSION = 5.0;
				TARGETED_DEVICE_FAMILY = "1,2";
				TEST_HOST = "$(BUILT_PRODUCTS_DIR)/Ezio-Auditore2.app/Ezio-Auditore2";
			};
			name = Debug;
		};
		02E7F28229959E0C00438F5E /* Release */ = {
			isa = XCBuildConfiguration;
			buildSettings = {
				ALWAYS_EMBED_SWIFT_STANDARD_LIBRARIES = YES;
				BUNDLE_LOADER = "$(TEST_HOST)";
				CODE_SIGN_STYLE = Automatic;
				CURRENT_PROJECT_VERSION = 1;
				GENERATE_INFOPLIST_FILE = YES;
				IPHONEOS_DEPLOYMENT_TARGET = 15.5;
				MARKETING_VERSION = 1.0;
				PRODUCT_BUNDLE_IDENTIFIER = "kenguyen-csumb.edu.Ezio-Auditore2Tests";
				PRODUCT_NAME = "$(TARGET_NAME)";
				SWIFT_EMIT_LOC_STRINGS = NO;
				SWIFT_VERSION = 5.0;
				TARGETED_DEVICE_FAMILY = "1,2";
				TEST_HOST = "$(BUILT_PRODUCTS_DIR)/Ezio-Auditore2.app/Ezio-Auditore2";
			};
			name = Release;
		};
		02E7F28429959E0C00438F5E /* Debug */ = {
			isa = XCBuildConfiguration;
			buildSettings = {
				ALWAYS_EMBED_SWIFT_STANDARD_LIBRARIES = YES;
				CODE_SIGN_STYLE = Automatic;
				CURRENT_PROJECT_VERSION = 1;
				GENERATE_INFOPLIST_FILE = YES;
				MARKETING_VERSION = 1.0;
				PRODUCT_BUNDLE_IDENTIFIER = "kenguyen-csumb.edu.Ezio-Auditore2UITests";
				PRODUCT_NAME = "$(TARGET_NAME)";
				SWIFT_EMIT_LOC_STRINGS = NO;
				SWIFT_VERSION = 5.0;
				TARGETED_DEVICE_FAMILY = "1,2";
				TEST_TARGET_NAME = "Ezio-Auditore2";
			};
			name = Debug;
		};
		02E7F28529959E0C00438F5E /* Release */ = {
			isa = XCBuildConfiguration;
			buildSettings = {
				ALWAYS_EMBED_SWIFT_STANDARD_LIBRARIES = YES;
				CODE_SIGN_STYLE = Automatic;
				CURRENT_PROJECT_VERSION = 1;
				GENERATE_INFOPLIST_FILE = YES;
				MARKETING_VERSION = 1.0;
				PRODUCT_BUNDLE_IDENTIFIER = "kenguyen-csumb.edu.Ezio-Auditore2UITests";
				PRODUCT_NAME = "$(TARGET_NAME)";
				SWIFT_EMIT_LOC_STRINGS = NO;
				SWIFT_VERSION = 5.0;
				TARGETED_DEVICE_FAMILY = "1,2";
				TEST_TARGET_NAME = "Ezio-Auditore2";
			};
			name = Release;
		};
/* End XCBuildConfiguration section */

/* Begin XCConfigurationList section */
		02E7F24E29959E0A00438F5E /* Build configuration list for PBXProject "Ezio-Auditore2" */ = {
			isa = XCConfigurationList;
			buildConfigurations = (
				02E7F27B29959E0C00438F5E /* Debug */,
				02E7F27C29959E0C00438F5E /* Release */,
			);
			defaultConfigurationIsVisible = 0;
			defaultConfigurationName = Release;
		};
		02E7F27D29959E0C00438F5E /* Build configuration list for PBXNativeTarget "Ezio-Auditore2" */ = {
			isa = XCConfigurationList;
			buildConfigurations = (
				02E7F27E29959E0C00438F5E /* Debug */,
				02E7F27F29959E0C00438F5E /* Release */,
			);
			defaultConfigurationIsVisible = 0;
			defaultConfigurationName = Release;
		};
		02E7F28029959E0C00438F5E /* Build configuration list for PBXNativeTarget "Ezio-Auditore2Tests" */ = {
			isa = XCConfigurationList;
			buildConfigurations = (
				02E7F28129959E0C00438F5E /* Debug */,
				02E7F28229959E0C00438F5E /* Release */,
			);
			defaultConfigurationIsVisible = 0;
			defaultConfigurationName = Release;
		};
		02E7F28329959E0C00438F5E /* Build configuration list for PBXNativeTarget "Ezio-Auditore2UITests" */ = {
			isa = XCConfigurationList;
			buildConfigurations = (
				02E7F28429959E0C00438F5E /* Debug */,
				02E7F28529959E0C00438F5E /* Release */,
			);
			defaultConfigurationIsVisible = 0;
			defaultConfigurationName = Release;
		};
/* End XCConfigurationList section */
	};
	rootObject = 02E7F24B29959E0A00438F5E /* Project object */;
}
